<?xml version="1.0" encoding="utf-8"?>
<Project ToolsVersion="4.0" xmlns="http://schemas.microsoft.com/developer/msbuild/2003">
  <ItemGroup>
    <Filter Include="Source Files">
      <UniqueIdentifier>{4FC737F1-C7A5-4376-A066-2A32D752A2FF}</UniqueIdentifier>
      <Extensions>cpp;c;cc;cxx;def;odl;idl;hpj;bat;asm;asmx</Extensions>
    </Filter>
    <Filter Include="Header Files">
      <UniqueIdentifier>{93995380-89BD-4b04-88EB-625FBE52EBFB}</UniqueIdentifier>
      <Extensions>h;hh;hpp;hxx;hm;inl;inc;xsd</Extensions>
    </Filter>
    <Filter Include="Resource Files">
      <UniqueIdentifier>{67DA6AB6-F800-4c08-8B7A-83BB121AAD01}</UniqueIdentifier>
      <Extensions>rc;ico;cur;bmp;dlg;rc2;rct;bin;rgs;gif;jpg;jpeg;jpe;resx;tiff;tif;png;wav;mfcribbon-ms</Extensions>
    </Filter>
  </ItemGroup>
  <ItemGroup>
    <Text Include="ReadMe.txt" />
    <Text Include="Player\save.txt" />
  </ItemGroup>
  <ItemGroup>
    <ClInclude Include="stdafx.h">
      <Filter>Header Files</Filter>
    </ClInclude>
    <ClInclude Include="targetver.h">
      <Filter>Header Files</Filter>
    </ClInclude>
    <ClInclude Include="AbstractBuilder.h">
      <Filter>Header Files</Filter>
    </ClInclude>
    <ClInclude Include="Cards\Card.h">
      <Filter>Header Files</Filter>
    </ClInclude>
    <ClInclude Include="Cards\CityCard.h">
      <Filter>Header Files</Filter>
    </ClInclude>
    <ClInclude Include="Cards\Deck.h">
      <Filter>Header Files</Filter>
    </ClInclude>
    <ClInclude Include="Cards\EpidemicCard.h">
      <Filter>Header Files</Filter>
    </ClInclude>
    <ClInclude Include="Cards\EventCard.h">
      <Filter>Header Files</Filter>
    </ClInclude>
    <ClInclude Include="Cards\InfectionCard.h">
      <Filter>Header Files</Filter>
    </ClInclude>
    <ClInclude Include="Cards\InfectionDeck.h">
      <Filter>Header Files</Filter>
    </ClInclude>
    <ClInclude Include="Map\City.h">
      <Filter>Header Files</Filter>
    </ClInclude>
    <ClInclude Include="Map\Map.h">
      <Filter>Header Files</Filter>
    </ClInclude>
    <ClInclude Include="Map\MapSaver.h">
      <Filter>Header Files</Filter>
    </ClInclude>
    <ClInclude Include="Observers\AbstractStatsObserver.h">
      <Filter>Header Files</Filter>
    </ClInclude>
    <ClInclude Include="Observers\GameStatisticsObservable.h">
      <Filter>Header Files</Filter>
    </ClInclude>
    <ClInclude Include="Observers\GameStatisticsObserver.h">
      <Filter>Header Files</Filter>
    </ClInclude>
    <ClInclude Include="Observers\InfectionStatsObserver.h">
      <Filter>Header Files</Filter>
    </ClInclude>
    <ClInclude Include="Observers\PercentageObserver.h">
      <Filter>Header Files</Filter>
    </ClInclude>
    <ClInclude Include="Player\Director.h">
      <Filter>Header Files</Filter>
    </ClInclude>
    <ClInclude Include="Player\Player.h">
      <Filter>Header Files</Filter>
    </ClInclude>
    <ClInclude Include="Player\PlayerSaver.h">
      <Filter>Header Files</Filter>
    </ClInclude>
    <ClInclude Include="Player\ReferenceCard.h">
      <Filter>Header Files</Filter>
    </ClInclude>
    <ClInclude Include="Cards\Role.h">
      <Filter>Header Files</Filter>
    </ClInclude>
    <ClInclude Include="Strategy\Strat.h">
      <Filter>Header Files</Filter>
    </ClInclude>
  </ItemGroup>
  <ItemGroup>
    <ClCompile Include="stdafx.cpp">
      <Filter>Source Files</Filter>
    </ClCompile>
    <ClCompile Include="main.cpp">
      <Filter>Source Files</Filter>
    </ClCompile>
    <ClCompile Include="Cards\Card.cpp">
      <Filter>Source Files</Filter>
    </ClCompile>
    <ClCompile Include="Cards\CityCard.cpp">
      <Filter>Source Files</Filter>
    </ClCompile>
    <ClCompile Include="Cards\Deck.cpp">
      <Filter>Source Files</Filter>
    </ClCompile>
    <ClCompile Include="Cards\EpidemicCard.cpp">
      <Filter>Source Files</Filter>
    </ClCompile>
    <ClCompile Include="Cards\EventCard.cpp">
      <Filter>Source Files</Filter>
    </ClCompile>
    <ClCompile Include="Cards\InfectionCard.cpp">
      <Filter>Source Files</Filter>
    </ClCompile>
    <ClCompile Include="Cards\InfectionDeck.cpp">
      <Filter>Source Files</Filter>
    </ClCompile>
    <ClCompile Include="Map\Map.cpp">
      <Filter>Source Files</Filter>
    </ClCompile>
    <ClCompile Include="Map\MapSaver.cpp">
      <Filter>Source Files</Filter>
    </ClCompile>
    <ClCompile Include="Observers\GameStatisticsObservable.cpp">
      <Filter>Source Files</Filter>
    </ClCompile>
    <ClCompile Include="Observers\GameStatisticsObserver.cpp">
      <Filter>Source Files</Filter>
    </ClCompile>
    <ClCompile Include="Observers\InfectionStatsObserver.cpp">
      <Filter>Source Files</Filter>
    </ClCompile>
    <ClCompile Include="Observers\PercentageObserver.cpp">
      <Filter>Source Files</Filter>
    </ClCompile>
    <ClCompile Include="Player\Director.cpp">
      <Filter>Source Files</Filter>
    </ClCompile>
    <ClCompile Include="Player\Player.cpp">
      <Filter>Source Files</Filter>
    </ClCompile>
    <ClCompile Include="Player\PlayerSaver.cpp">
      <Filter>Source Files</Filter>
    </ClCompile>
    <ClCompile Include="Player\ReferenceCard.cpp">
      <Filter>Source Files</Filter>
    </ClCompile>
    <ClCompile Include="Cards\Role.cpp">
      <Filter>Source Files</Filter>
    </ClCompile>
    <ClCompile Include="Strategy\Strat.cpp">
      <Filter>Source Files</Filter>
    </ClCompile>
  </ItemGroup>
</Project>